{
  "name": "graph-theory-algorithms",
  "version": "1.0.0",
  "lockfileVersion": 3,
  "requires": true,
  "packages": {
    "": {
      "name": "graph-theory-algorithms",
      "version": "1.0.0",
      "license": "ISC",
      "dependencies": {
        "priority-queue": "^0.2.1"
      }
    },
    "node_modules/priority-queue": {
      "version": "0.2.1",
      "resolved": "https://registry.npmjs.org/priority-queue/-/priority-queue-0.2.1.tgz",
      "integrity": "sha512-vQpVt7oaQ7nMwV6DTkJW+Pxz9byKCU2W3t2jG34nwE2QvsjqU1yEFfOznGKxjBLJ4GamhkozvF1Ga/4UJUabcQ==",
      "engines": {
        "node": ">=12.17"
      }
    }
  }
}
